
Microsoft Visual Studio Solution File, Format Version 12.00
Project("{FAE04EC0-301F-11D3-BF4B-00C04F79EFBC}") = "FoodDelivery.Domain", "FoodDelivery.Domain\FoodDelivery.Domain.csproj", "{EDD2DA06-C212-4DF0-B456-19355671B915}"
EndProject
Project("{FAE04EC0-301F-11D3-BF4B-00C04F79EFBC}") = "FoodDelivery.Services.Abstractions", "FoodDelivery.Services.Abstractions\FoodDelivery.Services.Abstractions.csproj", "{9BB084C3-BE6A-4639-ABD5-48D51220AF09}"
EndProject
Project("{FAE04EC0-301F-11D3-BF4B-00C04F79EFBC}") = "FoodDelivery.Contracts", "FoodDelivery.Contracts\FoodDelivery.Contracts.csproj", "{B5150990-AA4A-4728-A936-703956384C33}"
EndProject
Project("{2150E333-8FDC-42A3-9474-1A3956D46DE8}") = "Core", "Core", "{4B80BBCA-CC35-42A5-8245-5481A61DAD38}"
EndProject
Project("{FAE04EC0-301F-11D3-BF4B-00C04F79EFBC}") = "FoodDelivery.Services", "FoodDelivery.Services\FoodDelivery.Services.csproj", "{D7D261C4-D3A2-481A-B12A-7ECD7FA85B1F}"
EndProject
Project("{2150E333-8FDC-42A3-9474-1A3956D46DE8}") = "Infrastructure", "Infrastructure", "{C7362E75-AE67-49A6-A797-92A14457B187}"
EndProject
Project("{FAE04EC0-301F-11D3-BF4B-00C04F79EFBC}") = "FoodDelivery.Data", "FoodDelivery.Data\FoodDelivery.Data.csproj", "{A5D03EC9-60EB-4773-961B-A5BFB9B21915}"
EndProject
Global
	GlobalSection(SolutionConfigurationPlatforms) = preSolution
		Debug|Any CPU = Debug|Any CPU
		Release|Any CPU = Release|Any CPU
	EndGlobalSection
	GlobalSection(ProjectConfigurationPlatforms) = postSolution
		{EDD2DA06-C212-4DF0-B456-19355671B915}.Debug|Any CPU.ActiveCfg = Debug|Any CPU
		{EDD2DA06-C212-4DF0-B456-19355671B915}.Debug|Any CPU.Build.0 = Debug|Any CPU
		{EDD2DA06-C212-4DF0-B456-19355671B915}.Release|Any CPU.ActiveCfg = Release|Any CPU
		{EDD2DA06-C212-4DF0-B456-19355671B915}.Release|Any CPU.Build.0 = Release|Any CPU
		{9BB084C3-BE6A-4639-ABD5-48D51220AF09}.Debug|Any CPU.ActiveCfg = Debug|Any CPU
		{9BB084C3-BE6A-4639-ABD5-48D51220AF09}.Debug|Any CPU.Build.0 = Debug|Any CPU
		{9BB084C3-BE6A-4639-ABD5-48D51220AF09}.Release|Any CPU.ActiveCfg = Release|Any CPU
		{9BB084C3-BE6A-4639-ABD5-48D51220AF09}.Release|Any CPU.Build.0 = Release|Any CPU
		{B5150990-AA4A-4728-A936-703956384C33}.Debug|Any CPU.ActiveCfg = Debug|Any CPU
		{B5150990-AA4A-4728-A936-703956384C33}.Debug|Any CPU.Build.0 = Debug|Any CPU
		{B5150990-AA4A-4728-A936-703956384C33}.Release|Any CPU.ActiveCfg = Release|Any CPU
		{B5150990-AA4A-4728-A936-703956384C33}.Release|Any CPU.Build.0 = Release|Any CPU
		{D7D261C4-D3A2-481A-B12A-7ECD7FA85B1F}.Debug|Any CPU.ActiveCfg = Debug|Any CPU
		{D7D261C4-D3A2-481A-B12A-7ECD7FA85B1F}.Debug|Any CPU.Build.0 = Debug|Any CPU
		{D7D261C4-D3A2-481A-B12A-7ECD7FA85B1F}.Release|Any CPU.ActiveCfg = Release|Any CPU
		{D7D261C4-D3A2-481A-B12A-7ECD7FA85B1F}.Release|Any CPU.Build.0 = Release|Any CPU
		{A5D03EC9-60EB-4773-961B-A5BFB9B21915}.Debug|Any CPU.ActiveCfg = Debug|Any CPU
		{A5D03EC9-60EB-4773-961B-A5BFB9B21915}.Debug|Any CPU.Build.0 = Debug|Any CPU
		{A5D03EC9-60EB-4773-961B-A5BFB9B21915}.Release|Any CPU.ActiveCfg = Release|Any CPU
		{A5D03EC9-60EB-4773-961B-A5BFB9B21915}.Release|Any CPU.Build.0 = Release|Any CPU
	EndGlobalSection
	GlobalSection(NestedProjects) = preSolution
		{B5150990-AA4A-4728-A936-703956384C33} = {4B80BBCA-CC35-42A5-8245-5481A61DAD38}
		{EDD2DA06-C212-4DF0-B456-19355671B915} = {4B80BBCA-CC35-42A5-8245-5481A61DAD38}
		{9BB084C3-BE6A-4639-ABD5-48D51220AF09} = {4B80BBCA-CC35-42A5-8245-5481A61DAD38}
		{D7D261C4-D3A2-481A-B12A-7ECD7FA85B1F} = {4B80BBCA-CC35-42A5-8245-5481A61DAD38}
		{A5D03EC9-60EB-4773-961B-A5BFB9B21915} = {C7362E75-AE67-49A6-A797-92A14457B187}
	EndGlobalSection
EndGlobal
